
Microsoft Visual Studio Solution File, Format Version 12.00
# Visual Studio 15
VisualStudioVersion = 15.0.26730.16
MinimumVisualStudioVersion = 10.0.40219.1
Project("{FAE04EC0-301F-11D3-BF4B-00C04F79EFBC}") = "zad1", "zad1\zad1.csproj", "{45E03507-3B3A-4C2A-ACB1-045148577B77}"
EndProject
Project("{FAE04EC0-301F-11D3-BF4B-00C04F79EFBC}") = "Main", "Main\Main.csproj", "{8DEC82C3-01AD-4DD7-940D-894210BECFC6}"
EndProject
Project("{FAE04EC0-301F-11D3-BF4B-00C04F79EFBC}") = "zad3", "zad3\zad3.csproj", "{32FBF808-B187-427F-8F76-CD961FA85C0F}"
EndProject
Project("{FAE04EC0-301F-11D3-BF4B-00C04F79EFBC}") = "zad2", "zad2\zad2.csproj", "{0DC00FFC-6972-4E7F-84AA-A760F6127FFD}"
EndProject
Project("{FAE04EC0-301F-11D3-BF4B-00C04F79EFBC}") = "zad4", "zad4\zad4.csproj", "{95782567-5936-47AA-8571-B0481DF5BE29}"
EndProject
Project("{FAE04EC0-301F-11D3-BF4B-00C04F79EFBC}") = "zad5", "zad5\zad5.csproj", "{BB0721B2-06E8-4AF1-8131-EA0FC13425D0}"
EndProject
Project("{FAE04EC0-301F-11D3-BF4B-00C04F79EFBC}") = "zad6zad7", "zad6zad7\zad6zad7.csproj", "{BC6C00B4-B95B-4C1F-B11B-121F87B5B66A}"
EndProject
Global
	GlobalSection(SolutionConfigurationPlatforms) = preSolution
		Debug|Any CPU = Debug|Any CPU
		Debug|ARM = Debug|ARM
		Debug|x64 = Debug|x64
		Debug|x86 = Debug|x86
		Release|Any CPU = Release|Any CPU
		Release|ARM = Release|ARM
		Release|x64 = Release|x64
		Release|x86 = Release|x86
	EndGlobalSection
	GlobalSection(ProjectConfigurationPlatforms) = postSolution
		{45E03507-3B3A-4C2A-ACB1-045148577B77}.Debug|Any CPU.ActiveCfg = Debug|Any CPU
		{45E03507-3B3A-4C2A-ACB1-045148577B77}.Debug|Any CPU.Build.0 = Debug|Any CPU
		{45E03507-3B3A-4C2A-ACB1-045148577B77}.Debug|ARM.ActiveCfg = Debug|Any CPU
		{45E03507-3B3A-4C2A-ACB1-045148577B77}.Debug|ARM.Build.0 = Debug|Any CPU
		{45E03507-3B3A-4C2A-ACB1-045148577B77}.Debug|x64.ActiveCfg = Debug|Any CPU
		{45E03507-3B3A-4C2A-ACB1-045148577B77}.Debug|x64.Build.0 = Debug|Any CPU
		{45E03507-3B3A-4C2A-ACB1-045148577B77}.Debug|x86.ActiveCfg = Debug|Any CPU
		{45E03507-3B3A-4C2A-ACB1-045148577B77}.Debug|x86.Build.0 = Debug|Any CPU
		{45E03507-3B3A-4C2A-ACB1-045148577B77}.Release|Any CPU.ActiveCfg = Release|Any CPU
		{45E03507-3B3A-4C2A-ACB1-045148577B77}.Release|Any CPU.Build.0 = Release|Any CPU
		{45E03507-3B3A-4C2A-ACB1-045148577B77}.Release|ARM.ActiveCfg = Release|Any CPU
		{45E03507-3B3A-4C2A-ACB1-045148577B77}.Release|ARM.Build.0 = Release|Any CPU
		{45E03507-3B3A-4C2A-ACB1-045148577B77}.Release|x64.ActiveCfg = Release|Any CPU
		{45E03507-3B3A-4C2A-ACB1-045148577B77}.Release|x64.Build.0 = Release|Any CPU
		{45E03507-3B3A-4C2A-ACB1-045148577B77}.Release|x86.ActiveCfg = Release|Any CPU
		{45E03507-3B3A-4C2A-ACB1-045148577B77}.Release|x86.Build.0 = Release|Any CPU
		{8DEC82C3-01AD-4DD7-940D-894210BECFC6}.Debug|Any CPU.ActiveCfg = Debug|Any CPU
		{8DEC82C3-01AD-4DD7-940D-894210BECFC6}.Debug|Any CPU.Build.0 = Debug|Any CPU
		{8DEC82C3-01AD-4DD7-940D-894210BECFC6}.Debug|ARM.ActiveCfg = Debug|Any CPU
		{8DEC82C3-01AD-4DD7-940D-894210BECFC6}.Debug|ARM.Build.0 = Debug|Any CPU
		{8DEC82C3-01AD-4DD7-940D-894210BECFC6}.Debug|x64.ActiveCfg = Debug|Any CPU
		{8DEC82C3-01AD-4DD7-940D-894210BECFC6}.Debug|x64.Build.0 = Debug|Any CPU
		{8DEC82C3-01AD-4DD7-940D-894210BECFC6}.Debug|x86.ActiveCfg = Debug|Any CPU
		{8DEC82C3-01AD-4DD7-940D-894210BECFC6}.Debug|x86.Build.0 = Debug|Any CPU
		{8DEC82C3-01AD-4DD7-940D-894210BECFC6}.Release|Any CPU.ActiveCfg = Release|Any CPU
		{8DEC82C3-01AD-4DD7-940D-894210BECFC6}.Release|Any CPU.Build.0 = Release|Any CPU
		{8DEC82C3-01AD-4DD7-940D-894210BECFC6}.Release|ARM.ActiveCfg = Release|Any CPU
		{8DEC82C3-01AD-4DD7-940D-894210BECFC6}.Release|ARM.Build.0 = Release|Any CPU
		{8DEC82C3-01AD-4DD7-940D-894210BECFC6}.Release|x64.ActiveCfg = Release|Any CPU
		{8DEC82C3-01AD-4DD7-940D-894210BECFC6}.Release|x64.Build.0 = Release|Any CPU
		{8DEC82C3-01AD-4DD7-940D-894210BECFC6}.Release|x86.ActiveCfg = Release|Any CPU
		{8DEC82C3-01AD-4DD7-940D-894210BECFC6}.Release|x86.Build.0 = Release|Any CPU
		{32FBF808-B187-427F-8F76-CD961FA85C0F}.Debug|Any CPU.ActiveCfg = Debug|Any CPU
		{32FBF808-B187-427F-8F76-CD961FA85C0F}.Debug|Any CPU.Build.0 = Debug|Any CPU
		{32FBF808-B187-427F-8F76-CD961FA85C0F}.Debug|ARM.ActiveCfg = Debug|Any CPU
		{32FBF808-B187-427F-8F76-CD961FA85C0F}.Debug|ARM.Build.0 = Debug|Any CPU
		{32FBF808-B187-427F-8F76-CD961FA85C0F}.Debug|x64.ActiveCfg = Debug|Any CPU
		{32FBF808-B187-427F-8F76-CD961FA85C0F}.Debug|x64.Build.0 = Debug|Any CPU
		{32FBF808-B187-427F-8F76-CD961FA85C0F}.Debug|x86.ActiveCfg = Debug|Any CPU
		{32FBF808-B187-427F-8F76-CD961FA85C0F}.Debug|x86.Build.0 = Debug|Any CPU
		{32FBF808-B187-427F-8F76-CD961FA85C0F}.Release|Any CPU.ActiveCfg = Release|Any CPU
		{32FBF808-B187-427F-8F76-CD961FA85C0F}.Release|Any CPU.Build.0 = Release|Any CPU
		{32FBF808-B187-427F-8F76-CD961FA85C0F}.Release|ARM.ActiveCfg = Release|Any CPU
		{32FBF808-B187-427F-8F76-CD961FA85C0F}.Release|ARM.Build.0 = Release|Any CPU
		{32FBF808-B187-427F-8F76-CD961FA85C0F}.Release|x64.ActiveCfg = Release|Any CPU
		{32FBF808-B187-427F-8F76-CD961FA85C0F}.Release|x64.Build.0 = Release|Any CPU
		{32FBF808-B187-427F-8F76-CD961FA85C0F}.Release|x86.ActiveCfg = Release|Any CPU
		{32FBF808-B187-427F-8F76-CD961FA85C0F}.Release|x86.Build.0 = Release|Any CPU
		{0DC00FFC-6972-4E7F-84AA-A760F6127FFD}.Debug|Any CPU.ActiveCfg = Debug|Any CPU
		{0DC00FFC-6972-4E7F-84AA-A760F6127FFD}.Debug|Any CPU.Build.0 = Debug|Any CPU
		{0DC00FFC-6972-4E7F-84AA-A760F6127FFD}.Debug|ARM.ActiveCfg = Debug|Any CPU
		{0DC00FFC-6972-4E7F-84AA-A760F6127FFD}.Debug|ARM.Build.0 = Debug|Any CPU
		{0DC00FFC-6972-4E7F-84AA-A760F6127FFD}.Debug|x64.ActiveCfg = Debug|Any CPU
		{0DC00FFC-6972-4E7F-84AA-A760F6127FFD}.Debug|x64.Build.0 = Debug|Any CPU
		{0DC00FFC-6972-4E7F-84AA-A760F6127FFD}.Debug|x86.ActiveCfg = Debug|Any CPU
		{0DC00FFC-6972-4E7F-84AA-A760F6127FFD}.Debug|x86.Build.0 = Debug|Any CPU
		{0DC00FFC-6972-4E7F-84AA-A760F6127FFD}.Release|Any CPU.ActiveCfg = Release|Any CPU
		{0DC00FFC-6972-4E7F-84AA-A760F6127FFD}.Release|Any CPU.Build.0 = Release|Any CPU
		{0DC00FFC-6972-4E7F-84AA-A760F6127FFD}.Release|ARM.ActiveCfg = Release|Any CPU
		{0DC00FFC-6972-4E7F-84AA-A760F6127FFD}.Release|ARM.Build.0 = Release|Any CPU
		{0DC00FFC-6972-4E7F-84AA-A760F6127FFD}.Release|x64.ActiveCfg = Release|Any CPU
		{0DC00FFC-6972-4E7F-84AA-A760F6127FFD}.Release|x64.Build.0 = Release|Any CPU
		{0DC00FFC-6972-4E7F-84AA-A760F6127FFD}.Release|x86.ActiveCfg = Release|Any CPU
		{0DC00FFC-6972-4E7F-84AA-A760F6127FFD}.Release|x86.Build.0 = Release|Any CPU
		{95782567-5936-47AA-8571-B0481DF5BE29}.Debug|Any CPU.ActiveCfg = Debug|Any CPU
		{95782567-5936-47AA-8571-B0481DF5BE29}.Debug|Any CPU.Build.0 = Debug|Any CPU
		{95782567-5936-47AA-8571-B0481DF5BE29}.Debug|ARM.ActiveCfg = Debug|Any CPU
		{95782567-5936-47AA-8571-B0481DF5BE29}.Debug|ARM.Build.0 = Debug|Any CPU
		{95782567-5936-47AA-8571-B0481DF5BE29}.Debug|x64.ActiveCfg = Debug|Any CPU
		{95782567-5936-47AA-8571-B0481DF5BE29}.Debug|x64.Build.0 = Debug|Any CPU
		{95782567-5936-47AA-8571-B0481DF5BE29}.Debug|x86.ActiveCfg = Debug|Any CPU
		{95782567-5936-47AA-8571-B0481DF5BE29}.Debug|x86.Build.0 = Debug|Any CPU
		{95782567-5936-47AA-8571-B0481DF5BE29}.Release|Any CPU.ActiveCfg = Release|Any CPU
		{95782567-5936-47AA-8571-B0481DF5BE29}.Release|Any CPU.Build.0 = Release|Any CPU
		{95782567-5936-47AA-8571-B0481DF5BE29}.Release|ARM.ActiveCfg = Release|Any CPU
		{95782567-5936-47AA-8571-B0481DF5BE29}.Release|ARM.Build.0 = Release|Any CPU
		{95782567-5936-47AA-8571-B0481DF5BE29}.Release|x64.ActiveCfg = Release|Any CPU
		{95782567-5936-47AA-8571-B0481DF5BE29}.Release|x64.Build.0 = Release|Any CPU
		{95782567-5936-47AA-8571-B0481DF5BE29}.Release|x86.ActiveCfg = Release|Any CPU
		{95782567-5936-47AA-8571-B0481DF5BE29}.Release|x86.Build.0 = Release|Any CPU
		{BB0721B2-06E8-4AF1-8131-EA0FC13425D0}.Debug|Any CPU.ActiveCfg = Debug|Any CPU
		{BB0721B2-06E8-4AF1-8131-EA0FC13425D0}.Debug|Any CPU.Build.0 = Debug|Any CPU
		{BB0721B2-06E8-4AF1-8131-EA0FC13425D0}.Debug|ARM.ActiveCfg = Debug|Any CPU
		{BB0721B2-06E8-4AF1-8131-EA0FC13425D0}.Debug|ARM.Build.0 = Debug|Any CPU
		{BB0721B2-06E8-4AF1-8131-EA0FC13425D0}.Debug|x64.ActiveCfg = Debug|Any CPU
		{BB0721B2-06E8-4AF1-8131-EA0FC13425D0}.Debug|x64.Build.0 = Debug|Any CPU
		{BB0721B2-06E8-4AF1-8131-EA0FC13425D0}.Debug|x86.ActiveCfg = Debug|Any CPU
		{BB0721B2-06E8-4AF1-8131-EA0FC13425D0}.Debug|x86.Build.0 = Debug|Any CPU
		{BB0721B2-06E8-4AF1-8131-EA0FC13425D0}.Release|Any CPU.ActiveCfg = Release|Any CPU
		{BB0721B2-06E8-4AF1-8131-EA0FC13425D0}.Release|Any CPU.Build.0 = Release|Any CPU
		{BB0721B2-06E8-4AF1-8131-EA0FC13425D0}.Release|ARM.ActiveCfg = Release|Any CPU
		{BB0721B2-06E8-4AF1-8131-EA0FC13425D0}.Release|ARM.Build.0 = Release|Any CPU
		{BB0721B2-06E8-4AF1-8131-EA0FC13425D0}.Release|x64.ActiveCfg = Release|Any CPU
		{BB0721B2-06E8-4AF1-8131-EA0FC13425D0}.Release|x64.Build.0 = Release|Any CPU
		{BB0721B2-06E8-4AF1-8131-EA0FC13425D0}.Release|x86.ActiveCfg = Release|Any CPU
		{BB0721B2-06E8-4AF1-8131-EA0FC13425D0}.Release|x86.Build.0 = Release|Any CPU
		{BC6C00B4-B95B-4C1F-B11B-121F87B5B66A}.Debug|Any CPU.ActiveCfg = Debug|Any CPU
		{BC6C00B4-B95B-4C1F-B11B-121F87B5B66A}.Debug|Any CPU.Build.0 = Debug|Any CPU
		{BC6C00B4-B95B-4C1F-B11B-121F87B5B66A}.Debug|ARM.ActiveCfg = Debug|Any CPU
		{BC6C00B4-B95B-4C1F-B11B-121F87B5B66A}.Debug|ARM.Build.0 = Debug|Any CPU
		{BC6C00B4-B95B-4C1F-B11B-121F87B5B66A}.Debug|x64.ActiveCfg = Debug|Any CPU
		{BC6C00B4-B95B-4C1F-B11B-121F87B5B66A}.Debug|x64.Build.0 = Debug|Any CPU
		{BC6C00B4-B95B-4C1F-B11B-121F87B5B66A}.Debug|x86.ActiveCfg = Debug|Any CPU
		{BC6C00B4-B95B-4C1F-B11B-121F87B5B66A}.Debug|x86.Build.0 = Debug|Any CPU
		{BC6C00B4-B95B-4C1F-B11B-121F87B5B66A}.Release|Any CPU.ActiveCfg = Release|Any CPU
		{BC6C00B4-B95B-4C1F-B11B-121F87B5B66A}.Release|Any CPU.Build.0 = Release|Any CPU
		{BC6C00B4-B95B-4C1F-B11B-121F87B5B66A}.Release|ARM.ActiveCfg = Release|Any CPU
		{BC6C00B4-B95B-4C1F-B11B-121F87B5B66A}.Release|ARM.Build.0 = Release|Any CPU
		{BC6C00B4-B95B-4C1F-B11B-121F87B5B66A}.Release|x64.ActiveCfg = Release|Any CPU
		{BC6C00B4-B95B-4C1F-B11B-121F87B5B66A}.Release|x64.Build.0 = Release|Any CPU
		{BC6C00B4-B95B-4C1F-B11B-121F87B5B66A}.Release|x86.ActiveCfg = Release|Any CPU
		{BC6C00B4-B95B-4C1F-B11B-121F87B5B66A}.Release|x86.Build.0 = Release|Any CPU
	EndGlobalSection
	GlobalSection(SolutionProperties) = preSolution
		HideSolutionNode = FALSE
	EndGlobalSection
	GlobalSection(ExtensibilityGlobals) = postSolution
		SolutionGuid = {95C025A1-2FF8-4DFD-A6DC-C5421B8844DE}
	EndGlobalSection
EndGlobal
